
Microsoft Visual Studio Solution File, Format Version 12.00
# Visual Studio 15
VisualStudioVersion = 15.0.28307.779
MinimumVisualStudioVersion = 10.0.40219.1
Project("{8BC9CEB8-8B4A-11D0-8D11-00A0C91BC942}") = "WindowResizer", "WindowResizer\WindowResizer.vcxproj", "{D5C0BB5E-FB70-481C-B6E6-9A0A4F4A71E9}"
EndProject
Global
	GlobalSection(SolutionConfigurationPlatforms) = preSolution
		Debug|x64 = Debug|x64
		Debug|x86 = Debug|x86
		Release|x64 = Release|x64
		Release|x86 = Release|x86
	EndGlobalSection
	GlobalSection(ProjectConfigurationPlatforms) = postSolution
		{D5C0BB5E-FB70-481C-B6E6-9A0A4F4A71E9}.Debug|x64.ActiveCfg = Debug|x64
		{D5C0BB5E-FB70-481C-B6E6-9A0A4F4A71E9}.Debug|x64.Build.0 = Debug|x64
		{D5C0BB5E-FB70-481C-B6E6-9A0A4F4A71E9}.Debug|x86.ActiveCfg = Debug|Win32
		{D5C0BB5E-FB70-481C-B6E6-9A0A4F4A71E9}.Debug|x86.Build.0 = Debug|Win32
		{D5C0BB5E-FB70-481C-B6E6-9A0A4F4A71E9}.Release|x64.ActiveCfg = Release|x64
		{D5C0BB5E-FB70-481C-B6E6-9A0A4F4A71E9}.Release|x64.Build.0 = Release|x64
		{D5C0BB5E-FB70-481C-B6E6-9A0A4F4A71E9}.Release|x86.ActiveCfg = Release|Win32
		{D5C0BB5E-FB70-481C-B6E6-9A0A4F4A71E9}.Release|x86.Build.0 = Release|Win32
	EndGlobalSection
	GlobalSection(SolutionProperties) = preSolution
		HideSolutionNode = FALSE
	EndGlobalSection
	GlobalSection(ExtensibilityGlobals) = postSolution
		SolutionGuid = {5C64A26F-80E8-4307-A5FB-97AAE3F2FCCA}
	EndGlobalSection
EndGlobal
